{
  "name": "@sap-devx/app-studio-toolkit-types",
  "version": "0.0.6",
  "lockfileVersion": 1,
  "requires": true,
  "dependencies": {
    "@types/vscode": {
      "version": "1.55.0",
      "resolved": "https://registry.npmjs.org/@types/vscode/-/vscode-1.55.0.tgz",
      "integrity": "sha512-49hysH7jneTQoSC8TWbAi7nKK9Lc5osQNjmDHVosrcU8o3jecD9GrK0Qyul8q4aGPSXRfNGqIp9CBdb13akETg=="
    },
    "ncp": {
      "version": "2.0.0",
      "resolved": "https://registry.npmjs.org/ncp/-/ncp-2.0.0.tgz",
      "integrity": "sha1-GVoh1sRuNh0vsSgbo4uR6d9727M=",
      "dev": true
    }
  }
}
