{
  "name": "@sap-devx/app-studio-toolkit-types",
  "version": "0.0.11",
  "lockfileVersion": 2,
  "requires": true,
  "packages": {
    "": {
      "name": "@sap-devx/app-studio-toolkit-types",
      "version": "0.0.11",
      "license": "Apache-2.0",
      "dependencies": {
        "@types/vscode": "^1.49.0"
      },
      "devDependencies": {
        "typescript": "4.2.4"
      }
    },
    "node_modules/@types/vscode": {
      "version": "1.55.0",
      "resolved": "https://registry.npmjs.org/@types/vscode/-/vscode-1.55.0.tgz",
      "integrity": "sha512-49hysH7jneTQoSC8TWbAi7nKK9Lc5osQNjmDHVosrcU8o3jecD9GrK0Qyul8q4aGPSXRfNGqIp9CBdb13akETg=="
    },
    "node_modules/typescript": {
      "version": "4.2.4",
      "resolved": "https://registry.npmjs.org/typescript/-/typescript-4.2.4.tgz",
      "integrity": "sha512-V+evlYHZnQkaz8TRBuxTA92yZBPotr5H+WhQ7bD3hZUndx5tGOa1fuCgeSjxAzM1RiN5IzvadIXTVefuuwZCRg==",
      "dev": true,
      "bin": {
        "tsc": "bin/tsc",
        "tsserver": "bin/tsserver"
      },
      "engines": {
        "node": ">=4.2.0"
      }
    }
  },
  "dependencies": {
    "@types/vscode": {
      "version": "1.55.0",
      "resolved": "https://registry.npmjs.org/@types/vscode/-/vscode-1.55.0.tgz",
      "integrity": "sha512-49hysH7jneTQoSC8TWbAi7nKK9Lc5osQNjmDHVosrcU8o3jecD9GrK0Qyul8q4aGPSXRfNGqIp9CBdb13akETg=="
    },
    "typescript": {
      "version": "4.2.4",
      "resolved": "https://registry.npmjs.org/typescript/-/typescript-4.2.4.tgz",
      "integrity": "sha512-V+evlYHZnQkaz8TRBuxTA92yZBPotr5H+WhQ7bD3hZUndx5tGOa1fuCgeSjxAzM1RiN5IzvadIXTVefuuwZCRg==",
      "dev": true
    }
  }
}
